// !$*UTF8*$!
{
	archiveVersion = 1;
	classes = {
	};
	objectVersion = 50;
	objects = {

/* Begin PBXBuildFile section */
		587DCB4420CF148600FDB19D /* AppDelegate.swift in Sources */ = {isa = PBXBuildFile; fileRef = 587DCB4320CF148600FDB19D /* AppDelegate.swift */; };
		587DCB4620CF148600FDB19D /* TodoMeViewController.swift in Sources */ = {isa = PBXBuildFile; fileRef = 587DCB4520CF148600FDB19D /* TodoMeViewController.swift */; };
		587DCB4920CF148600FDB19D /* Main.storyboard in Resources */ = {isa = PBXBuildFile; fileRef = 587DCB4720CF148600FDB19D /* Main.storyboard */; };
		587DCB4B20CF148800FDB19D /* Assets.xcassets in Resources */ = {isa = PBXBuildFile; fileRef = 587DCB4A20CF148800FDB19D /* Assets.xcassets */; };
		587DCB4E20CF148800FDB19D /* LaunchScreen.storyboard in Resources */ = {isa = PBXBuildFile; fileRef = 587DCB4C20CF148800FDB19D /* LaunchScreen.storyboard */; };
/* End PBXBuildFile section */

/* Begin PBXFileReference section */
		587DCB4020CF148600FDB19D /* TodoMe.app */ = {isa = PBXFileReference; explicitFileType = wrapper.application; includeInIndex = 0; path = TodoMe.app; sourceTree = BUILT_PRODUCTS_DIR; };
		587DCB4320CF148600FDB19D /* AppDelegate.swift */ = {isa = PBXFileReference; lastKnownFileType = sourcecode.swift; path = AppDelegate.swift; sourceTree = "<group>"; };
		587DCB4520CF148600FDB19D /* TodoMeViewController.swift */ = {isa = PBXFileReference; lastKnownFileType = sourcecode.swift; path = TodoMeViewController.swift; sourceTree = "<group>"; };
		587DCB4820CF148600FDB19D /* Base */ = {isa = PBXFileReference; lastKnownFileType = file.storyboard; name = Base; path = Base.lproj/Main.storyboard; sourceTree = "<group>"; };
		587DCB4A20CF148800FDB19D /* Assets.xcassets */ = {isa = PBXFileReference; lastKnownFileType = folder.assetcatalog; path = Assets.xcassets; sourceTree = "<group>"; };
		587DCB4D20CF148800FDB19D /* Base */ = {isa = PBXFileReference; lastKnownFileType = file.storyboard; name = Base; path = Base.lproj/LaunchScreen.storyboard; sourceTree = "<group>"; };
		587DCB4F20CF148800FDB19D /* Info.plist */ = {isa = PBXFileReference; lastKnownFileType = text.plist.xml; path = Info.plist; sourceTree = "<group>"; };
/* End PBXFileReference section */

/* Begin PBXFrameworksBuildPhase section */
		587DCB3D20CF148600FDB19D /* Frameworks */ = {
			isa = PBXFrameworksBuildPhase;
			buildActionMask = 2147483647;
			files = (
			);
			runOnlyForDeploymentPostprocessing = 0;
		};
/* End PBXFrameworksBuildPhase section */

/* Begin PBXGroup section */
		587DCB3720CF148600FDB19D = {
			isa = PBXGroup;
			children = (
				587DCB4220CF148600FDB19D /* TodoMe */,
				587DCB4120CF148600FDB19D /* Products */,
			);
			sourceTree = "<group>";
		};
		587DCB4120CF148600FDB19D /* Products */ = {
			isa = PBXGroup;
			children = (
				587DCB4020CF148600FDB19D /* TodoMe.app */,
			);
			name = Products;
			sourceTree = "<group>";
		};
		587DCB4220CF148600FDB19D /* TodoMe */ = {
			isa = PBXGroup;
			children = (
				587DCB4320CF148600FDB19D /* AppDelegate.swift */,
				587DCB4520CF148600FDB19D /* TodoMeViewController.swift */,
				587DCB4720CF148600FDB19D /* Main.storyboard */,
				587DCB4A20CF148800FDB19D /* Assets.xcassets */,
				587DCB4C20CF148800FDB19D /* LaunchScreen.storyboard */,
				587DCB4F20CF148800FDB19D /* Info.plist */,
			);
			path = TodoMe;
			sourceTree = "<group>";
		};
/* End PBXGroup section */

/* Begin PBXNativeTarget section */
		587DCB3F20CF148600FDB19D /* TodoMe */ = {
			isa = PBXNativeTarget;
			buildConfigurationList = 587DCB5220CF148800FDB19D /* Build configuration list for PBXNativeTarget "TodoMe" */;
			buildPhases = (
				587DCB3C20CF148600FDB19D /* Sources */,
				587DCB3D20CF148600FDB19D /* Frameworks */,
				587DCB3E20CF148600FDB19D /* Resources */,
			);
			buildRules = (
			);
			dependencies = (
			);
			name = TodoMe;
			productName = TodoMe;
			productReference = 587DCB4020CF148600FDB19D /* TodoMe.app */;
			productType = "com.apple.product-type.application";
		};
/* End PBXNativeTarget section */

/* Begin PBXProject section */
		587DCB3820CF148600FDB19D /* Project object */ = {
			isa = PBXProject;
			attributes = {
				LastSwiftUpdateCheck = 0930;
				LastUpgradeCheck = 0930;
				ORGANIZATIONNAME = "Maggie Zhang";
				TargetAttributes = {
					587DCB3F20CF148600FDB19D = {
						CreatedOnToolsVersion = 9.3;
					};
				};
			};
			buildConfigurationList = 587DCB3B20CF148600FDB19D /* Build configuration list for PBXProject "TodoMe" */;
			compatibilityVersion = "Xcode 9.3";
			developmentRegion = en;
			hasScannedForEncodings = 0;
			knownRegions = (
				en,
				Base,
			);
			mainGroup = 587DCB3720CF148600FDB19D;
			productRefGroup = 587DCB4120CF148600FDB19D /* Products */;
			projectDirPath = "";
			projectRoot = "";
			targets = (
				587DCB3F20CF148600FDB19D /* TodoMe */,
			);
		};
/* End PBXProject section */

/* Begin PBXResourcesBuildPhase section */
		587DCB3E20CF148600FDB19D /* Resources */ = {
			isa = PBXResourcesBuildPhase;
			buildActionMask = 2147483647;
			files = (
				587DCB4E20CF148800FDB19D /* LaunchScreen.storyboard in Resources */,
				587DCB4B20CF148800FDB19D /* Assets.xcassets in Resources */,
				587DCB4920CF148600FDB19D /* Main.storyboard in Resources */,
			);
			runOnlyForDeploymentPostprocessing = 0;
		};
/* End PBXResourcesBuildPhase section */

/* Begin PBXSourcesBuildPhase section */
		587DCB3C20CF148600FDB19D /* Sources */ = {
			isa = PBXSourcesBuildPhase;
			buildActionMask = 2147483647;
			files = (
				587DCB4620CF148600FDB19D /* TodoMeViewController.swift in Sources */,
				587DCB4420CF148600FDB19D /* AppDelegate.swift in Sources */,
			);
			runOnlyForDeploymentPostprocessing = 0;
		};
/* End PBXSourcesBuildPhase section */

/* Begin PBXVariantGroup section */
		587DCB4720CF148600FDB19D /* Main.storyboard */ = {
			isa = PBXVariantGroup;
			children = (
				587DCB4820CF148600FDB19D /* Base */,
			);
			name = Main.storyboard;
			sourceTree = "<group>";
		};
		587DCB4C20CF148800FDB19D /* LaunchScreen.storyboard */ = {
			isa = PBXVariantGroup;
			children = (
				587DCB4D20CF148800FDB19D /* Base */,
			);
			name = LaunchScreen.storyboard;
			sourceTree = "<group>";
		};
/* End PBXVariantGroup section */

/* Begin XCBuildConfiguration section */
		587DCB5020CF148800FDB19D /* Debug */ = {
			isa = XCBuildConfiguration;
			buildSettings = {
				ALWAYS_SEARCH_USER_PATHS = NO;
				CLANG_ANALYZER_NONNULL = YES;
				CLANG_ANALYZER_NUMBER_OBJECT_CONVERSION = YES_AGGRESSIVE;
				CLANG_CXX_LANGUAGE_STANDARD = "gnu++14";
				CLANG_CXX_LIBRARY = "libc++";
				CLANG_ENABLE_MODULES = YES;
				CLANG_ENABLE_OBJC_ARC = YES;
				CLANG_ENABLE_OBJC_WEAK = YES;
				CLANG_WARN_BLOCK_CAPTURE_AUTORELEASING = YES;
				CLANG_WARN_BOOL_CONVERSION = YES;
				CLANG_WARN_COMMA = YES;
				CLANG_WARN_CONSTANT_CONVERSION = YES;
				CLANG_WARN_DEPRECATED_OBJC_IMPLEMENTATIONS = YES;
				CLANG_WARN_DIRECT_OBJC_ISA_USAGE = YES_ERROR;
				CLANG_WARN_DOCUMENTATION_COMMENTS = YES;
				CLANG_WARN_EMPTY_BODY = YES;
				CLANG_WARN_ENUM_CONVERSION = YES;
				CLANG_WARN_INFINITE_RECURSION = YES;
				CLANG_WARN_INT_CONVERSION = YES;
				CLANG_WARN_NON_LITERAL_NULL_CONVERSION = YES;
				CLANG_WARN_OBJC_IMPLICIT_RETAIN_SELF = YES;
				CLANG_WARN_OBJC_LITERAL_CONVERSION = YES;
				CLANG_WARN_OBJC_ROOT_CLASS = YES_ERROR;
				CLANG_WARN_RANGE_LOOP_ANALYSIS = YES;
				CLANG_WARN_STRICT_PROTOTYPES = YES;
				CLANG_WARN_SUSPICIOUS_MOVE = YES;
				CLANG_WARN_UNGUARDED_AVAILABILITY = YES_AGGRESSIVE;
				CLANG_WARN_UNREACHABLE_CODE = YES;
				CLANG_WARN__DUPLICATE_METHOD_MATCH = YES;
				CODE_SIGN_IDENTITY = "iPhone Developer";
				COPY_PHASE_STRIP = NO;
				DEBUG_INFORMATION_FORMAT = dwarf;
				ENABLE_STRICT_OBJC_MSGSEND = YES;
				ENABLE_TESTABILITY = YES;
				GCC_C_LANGUAGE_STANDARD = gnu11;
				GCC_DYNAMIC_NO_PIC = NO;
				GCC_NO_COMMON_BLOCKS = YES;
				GCC_OPTIMIZATION_LEVEL = 0;
				GCC_PREPROCESSOR_DEFINITIONS = (
					"DEBUG=1",
					"$(inherited)",
				);
				GCC_WARN_64_TO_32_BIT_CONVERSION = YES;
				GCC_WARN_ABOUT_RETURN_TYPE = YES_ERROR;
				GCC_WARN_UNDECLARED_SELECTOR = YES;
				GCC_WARN_UNINITIALIZED_AUTOS = YES_AGGRESSIVE;
				GCC_WARN_UNUSED_FUNCTION = YES;
				GCC_WARN_UNUSED_VARIABLE = YES;
				IPHONEOS_DEPLOYMENT_TARGET = 11.3;
				MTL_ENABLE_DEBUG_INFO = YES;
				ONLY_ACTIVE_ARCH = YES;
				SDKROOT = iphoneos;
				SWIFT_ACTIVE_COMPILATION_CONDITIONS = DEBUG;
				SWIFT_OPTIMIZATION_LEVEL = "-Onone";
			};
			name = Debug;
		};
		587DCB5120CF148800FDB19D /* Release */ = {
			isa = XCBuildConfiguration;
			buildSettings = {
				ALWAYS_SEARCH_USER_PATHS = NO;
				CLANG_ANALYZER_NONNULL = YES;
				CLANG_ANALYZER_NUMBER_OBJECT_CONVERSION = YES_AGGRESSIVE;
				CLANG_CXX_LANGUAGE_STANDARD = "gnu++14";
				CLANG_CXX_LIBRARY = "libc++";
				CLANG_ENABLE_MODULES = YES;
				CLANG_ENABLE_OBJC_ARC = YES;
				CLANG_ENABLE_OBJC_WEAK = YES;
				CLANG_WARN_BLOCK_CAPTURE_AUTORELEASING = YES;
				CLANG_WARN_BOOL_CONVERSION = YES;
				CLANG_WARN_COMMA = YES;
				CLANG_WARN_CONSTANT_CONVERSION = YES;
				CLANG_WARN_DEPRECATED_OBJC_IMPLEMENTATIONS = YES;
				CLANG_WARN_DIRECT_OBJC_ISA_USAGE = YES_ERROR;
				CLANG_WARN_DOCUMENTATION_COMMENTS = YES;
				CLANG_WARN_EMPTY_BODY = YES;
				CLANG_WARN_ENUM_CONVERSION = YES;
				CLANG_WARN_INFINITE_RECURSION = YES;
				CLANG_WARN_INT_CONVERSION = YES;
				CLANG_WARN_NON_LITERAL_NULL_CONVERSION = YES;
				CLANG_WARN_OBJC_IMPLICIT_RETAIN_SELF = YES;
				CLANG_WARN_OBJC_LITERAL_CONVERSION = YES;
				CLANG_WARN_OBJC_ROOT_CLASS = YES_ERROR;
				CLANG_WARN_RANGE_LOOP_ANALYSIS = YES;
				CLANG_WARN_STRICT_PROTOTYPES = YES;
				CLANG_WARN_SUSPICIOUS_MOVE = YES;
				CLANG_WARN_UNGUARDED_AVAILABILITY = YES_AGGRESSIVE;
				CLANG_WARN_UNREACHABLE_CODE = YES;
				CLANG_WARN__DUPLICATE_METHOD_MATCH = YES;
				CODE_SIGN_IDENTITY = "iPhone Developer";
				COPY_PHASE_STRIP = NO;
				DEBUG_INFORMATION_FORMAT = "dwarf-with-dsym";
				ENABLE_NS_ASSERTIONS = NO;
				ENABLE_STRICT_OBJC_MSGSEND = YES;
				GCC_C_LANGUAGE_STANDARD = gnu11;
				GCC_NO_COMMON_BLOCKS = YES;
				GCC_WARN_64_TO_32_BIT_CONVERSION = YES;
				GCC_WARN_ABOUT_RETURN_TYPE = YES_ERROR;
				GCC_WARN_UNDECLARED_SELECTOR = YES;
				GCC_WARN_UNINITIALIZED_AUTOS = YES_AGGRESSIVE;
				GCC_WARN_UNUSED_FUNCTION = YES;
				GCC_WARN_UNUSED_VARIABLE = YES;
				IPHONEOS_DEPLOYMENT_TARGET = 11.3;
				MTL_ENABLE_DEBUG_INFO = NO;
				SDKROOT = iphoneos;
				SWIFT_COMPILATION_MODE = wholemodule;
				SWIFT_OPTIMIZATION_LEVEL = "-O";
				VALIDATE_PRODUCT = YES;
			};
			name = Release;
		};
		587DCB5320CF148800FDB19D /* Debug */ = {
			isa = XCBuildConfiguration;
			buildSettings = {
				ASSETCATALOG_COMPILER_APPICON_NAME = AppIcon;
				CODE_SIGN_STYLE = Automatic;
				DEVELOPMENT_TEAM = 5D6KS8W9H6;
				INFOPLIST_FILE = TodoMe/Info.plist;
				LD_RUNPATH_SEARCH_PATHS = (
					"$(inherited)",
					"@executable_path/Frameworks",
				);
				PRODUCT_BUNDLE_IDENTIFIER = com.maggiezhang.TodoMe;
				PRODUCT_NAME = "$(TARGET_NAME)";
				SWIFT_VERSION = 4.0;
				TARGETED_DEVICE_FAMILY = "1,2";
			};
			name = Debug;
		};
		587DCB5420CF148800FDB19D /* Release */ = {
			isa = XCBuildConfiguration;
			buildSettings = {
				ASSETCATALOG_COMPILER_APPICON_NAME = AppIcon;
				CODE_SIGN_STYLE = Automatic;
				DEVELOPMENT_TEAM = 5D6KS8W9H6;
				INFOPLIST_FILE = TodoMe/Info.plist;
				LD_RUNPATH_SEARCH_PATHS = (
					"$(inherited)",
					"@executable_path/Frameworks",
				);
				PRODUCT_BUNDLE_IDENTIFIER = com.maggiezhang.TodoMe;
				PRODUCT_NAME = "$(TARGET_NAME)";
				SWIFT_VERSION = 4.0;
				TARGETED_DEVICE_FAMILY = "1,2";
			};
			name = Release;
		};
/* End XCBuildConfiguration section */

/* Begin XCConfigurationList section */
		587DCB3B20CF148600FDB19D /* Build configuration list for PBXProject "TodoMe" */ = {
			isa = XCConfigurationList;
			buildConfigurations = (
				587DCB5020CF148800FDB19D /* Debug */,
				587DCB5120CF148800FDB19D /* Release */,
			);
			defaultConfigurationIsVisible = 0;
			defaultConfigurationName = Release;
		};
		587DCB5220CF148800FDB19D /* Build configuration list for PBXNativeTarget "TodoMe" */ = {
			isa = XCConfigurationList;
			buildConfigurations = (
				587DCB5320CF148800FDB19D /* Debug */,
				587DCB5420CF148800FDB19D /* Release */,
			);
			defaultConfigurationIsVisible = 0;
			defaultConfigurationName = Release;
		};
/* End XCConfigurationList section */
	};
	rootObject = 587DCB3820CF148600FDB19D /* Project object */;
}
